
Microsoft Visual Studio Solution File, Format Version 12.00
# Visual Studio Version 17
VisualStudioVersion = 17.14.36429.23
MinimumVisualStudioVersion = 10.0.40219.1
Project("{FAE04EC0-301F-11D3-BF4B-00C04F79EFBC}") = "LinkedList", "LinkedList\LinkedList.csproj", "{572EC9B7-5376-47AC-89C0-F54620D776D2}"
EndProject
Project("{FAE04EC0-301F-11D3-BF4B-00C04F79EFBC}") = "LinkedListt.core", "LinkedList.core\LinkedListt.core.csproj", "{72C1209C-3F6F-4AF6-8222-F1AE25447913}"
EndProject
Project("{FAE04EC0-301F-11D3-BF4B-00C04F79EFBC}") = "LinkedList.consol", "LinkedList.consol\LinkedList.consol.csproj", "{53147D1F-10B0-48BD-9540-0305798B0F72}"
EndProject
Global
	GlobalSection(SolutionConfigurationPlatforms) = preSolution
		Debug|Any CPU = Debug|Any CPU
		Release|Any CPU = Release|Any CPU
	EndGlobalSection
	GlobalSection(ProjectConfigurationPlatforms) = postSolution
		{572EC9B7-5376-47AC-89C0-F54620D776D2}.Debug|Any CPU.ActiveCfg = Debug|Any CPU
		{572EC9B7-5376-47AC-89C0-F54620D776D2}.Debug|Any CPU.Build.0 = Debug|Any CPU
		{572EC9B7-5376-47AC-89C0-F54620D776D2}.Release|Any CPU.ActiveCfg = Release|Any CPU
		{572EC9B7-5376-47AC-89C0-F54620D776D2}.Release|Any CPU.Build.0 = Release|Any CPU
		{72C1209C-3F6F-4AF6-8222-F1AE25447913}.Debug|Any CPU.ActiveCfg = Debug|Any CPU
		{72C1209C-3F6F-4AF6-8222-F1AE25447913}.Debug|Any CPU.Build.0 = Debug|Any CPU
		{72C1209C-3F6F-4AF6-8222-F1AE25447913}.Release|Any CPU.ActiveCfg = Release|Any CPU
		{72C1209C-3F6F-4AF6-8222-F1AE25447913}.Release|Any CPU.Build.0 = Release|Any CPU
		{53147D1F-10B0-48BD-9540-0305798B0F72}.Debug|Any CPU.ActiveCfg = Debug|Any CPU
		{53147D1F-10B0-48BD-9540-0305798B0F72}.Debug|Any CPU.Build.0 = Debug|Any CPU
		{53147D1F-10B0-48BD-9540-0305798B0F72}.Release|Any CPU.ActiveCfg = Release|Any CPU
		{53147D1F-10B0-48BD-9540-0305798B0F72}.Release|Any CPU.Build.0 = Release|Any CPU
	EndGlobalSection
	GlobalSection(SolutionProperties) = preSolution
		HideSolutionNode = FALSE
	EndGlobalSection
	GlobalSection(ExtensibilityGlobals) = postSolution
		SolutionGuid = {90C37273-4A9C-4F2F-BEFC-6E2218F8B938}
	EndGlobalSection
EndGlobal
